{
  "lockfileVersion": 1,
  "workspaces": {
    "": {
      "devDependencies": {
        "tailwindcss-motion": "^1.1.0",
      },
    },
  },
  "packages": {
    "tailwindcss": ["tailwindcss@4.0.16", "", {}, "sha512-i/SbG7ThTIcLshcFJL+je7hCv9dPis4Xl4XNeel6iZNX42pp/BZ+la+SbZIPoYE+PN8zhKbnHblpQ/lhOWwIeQ=="],

    "tailwindcss-motion": ["tailwindcss-motion@1.1.0", "", { "peerDependencies": { "tailwindcss": ">=3.0.0 || insiders" } }, "sha512-0lK6rA4+367ffJdi1TtB72GlMCxJi2TP/xRiHc6An5pZSlU6WfIHhSvLxpcGilGZfBrOqc2q4woH1DEP/lCNbQ=="],
  }
}
